
Microsoft Visual Studio Solution File, Format Version 12.00
# Visual Studio 14
VisualStudioVersion = 14.0.25420.1
MinimumVisualStudioVersion = 10.0.40219.1
Project("{FAE04EC0-301F-11D3-BF4B-00C04F79EFBC}") = "HowMuch", "HowMuch\HowMuch\HowMuch.csproj", "{0565E14C-1ECB-4BF2-84F7-D76A992B7647}"
EndProject
Project("{96E2B04D-8817-42C6-938A-82C39BA4D311}") = "HowMuchContent", "HowMuch\HowMuchContent\HowMuchContent.contentproj", "{A22A2619-95CC-4C25-9D0F-A4E92DE18FA9}"
EndProject
Global
	GlobalSection(SolutionConfigurationPlatforms) = preSolution
		Debug|x86 = Debug|x86
		Release|x86 = Release|x86
	EndGlobalSection
	GlobalSection(ProjectConfigurationPlatforms) = postSolution
		{0565E14C-1ECB-4BF2-84F7-D76A992B7647}.Debug|x86.ActiveCfg = Debug|x86
		{0565E14C-1ECB-4BF2-84F7-D76A992B7647}.Debug|x86.Build.0 = Debug|x86
		{0565E14C-1ECB-4BF2-84F7-D76A992B7647}.Release|x86.ActiveCfg = Release|x86
		{0565E14C-1ECB-4BF2-84F7-D76A992B7647}.Release|x86.Build.0 = Release|x86
		{A22A2619-95CC-4C25-9D0F-A4E92DE18FA9}.Debug|x86.ActiveCfg = Debug|x86
		{A22A2619-95CC-4C25-9D0F-A4E92DE18FA9}.Release|x86.ActiveCfg = Release|x86
	EndGlobalSection
	GlobalSection(SolutionProperties) = preSolution
		HideSolutionNode = FALSE
	EndGlobalSection
EndGlobal
