
Microsoft Visual Studio Solution File, Format Version 12.00
# Visual Studio 14
VisualStudioVersion = 14.0.25420.1
MinimumVisualStudioVersion = 10.0.40219.1
Project("{FAE04EC0-301F-11D3-BF4B-00C04F79EFBC}") = "Popper", "Popper\Popper\Popper.csproj", "{B8A7BE7E-6E9F-41B8-8947-4EA98FA4895D}"
EndProject
Project("{96E2B04D-8817-42C6-938A-82C39BA4D311}") = "PopperContent", "Popper\PopperContent\PopperContent.contentproj", "{2CCA57CB-500C-45B7-80E3-2E562404A87C}"
EndProject
Global
	GlobalSection(SolutionConfigurationPlatforms) = preSolution
		Debug|x86 = Debug|x86
		Release|x86 = Release|x86
	EndGlobalSection
	GlobalSection(ProjectConfigurationPlatforms) = postSolution
		{B8A7BE7E-6E9F-41B8-8947-4EA98FA4895D}.Debug|x86.ActiveCfg = Debug|x86
		{B8A7BE7E-6E9F-41B8-8947-4EA98FA4895D}.Debug|x86.Build.0 = Debug|x86
		{B8A7BE7E-6E9F-41B8-8947-4EA98FA4895D}.Release|x86.ActiveCfg = Release|x86
		{B8A7BE7E-6E9F-41B8-8947-4EA98FA4895D}.Release|x86.Build.0 = Release|x86
		{2CCA57CB-500C-45B7-80E3-2E562404A87C}.Debug|x86.ActiveCfg = Debug|x86
		{2CCA57CB-500C-45B7-80E3-2E562404A87C}.Release|x86.ActiveCfg = Release|x86
	EndGlobalSection
	GlobalSection(SolutionProperties) = preSolution
		HideSolutionNode = FALSE
	EndGlobalSection
EndGlobal
