
Microsoft Visual Studio Solution File, Format Version 12.00
# Visual Studio 14
VisualStudioVersion = 14.0.25420.1
MinimumVisualStudioVersion = 10.0.40219.1
Project("{FAE04EC0-301F-11D3-BF4B-00C04F79EFBC}") = "NumberRead", "NumberRead\NumberRead\NumberRead.csproj", "{40734C15-3EAE-4552-B3B1-525EE9AB153E}"
EndProject
Project("{96E2B04D-8817-42C6-938A-82C39BA4D311}") = "NumberReadContent", "NumberRead\NumberReadContent\NumberReadContent.contentproj", "{81E71F17-9CE6-4119-9C21-3312766B8D8E}"
EndProject
Global
	GlobalSection(SolutionConfigurationPlatforms) = preSolution
		Debug|x86 = Debug|x86
		Release|x86 = Release|x86
	EndGlobalSection
	GlobalSection(ProjectConfigurationPlatforms) = postSolution
		{40734C15-3EAE-4552-B3B1-525EE9AB153E}.Debug|x86.ActiveCfg = Debug|x86
		{40734C15-3EAE-4552-B3B1-525EE9AB153E}.Debug|x86.Build.0 = Debug|x86
		{40734C15-3EAE-4552-B3B1-525EE9AB153E}.Release|x86.ActiveCfg = Release|x86
		{40734C15-3EAE-4552-B3B1-525EE9AB153E}.Release|x86.Build.0 = Release|x86
		{81E71F17-9CE6-4119-9C21-3312766B8D8E}.Debug|x86.ActiveCfg = Debug|x86
		{81E71F17-9CE6-4119-9C21-3312766B8D8E}.Release|x86.ActiveCfg = Release|x86
	EndGlobalSection
	GlobalSection(SolutionProperties) = preSolution
		HideSolutionNode = FALSE
	EndGlobalSection
EndGlobal
