
Microsoft Visual Studio Solution File, Format Version 12.00
# Visual Studio 14
VisualStudioVersion = 14.0.25420.1
MinimumVisualStudioVersion = 10.0.40219.1
Project("{FAE04EC0-301F-11D3-BF4B-00C04F79EFBC}") = "ChessBoard", "ChessBoard\ChessBoard\ChessBoard.csproj", "{C30ECF47-FA2D-4A12-B324-BF1DF1FB05AD}"
EndProject
Project("{96E2B04D-8817-42C6-938A-82C39BA4D311}") = "ChessBoardContent", "ChessBoard\ChessBoardContent\ChessBoardContent.contentproj", "{5B9F11C2-80B2-4349-9E7D-61F161ED60D2}"
EndProject
Global
	GlobalSection(SolutionConfigurationPlatforms) = preSolution
		Debug|x86 = Debug|x86
		Release|x86 = Release|x86
	EndGlobalSection
	GlobalSection(ProjectConfigurationPlatforms) = postSolution
		{C30ECF47-FA2D-4A12-B324-BF1DF1FB05AD}.Debug|x86.ActiveCfg = Debug|x86
		{C30ECF47-FA2D-4A12-B324-BF1DF1FB05AD}.Debug|x86.Build.0 = Debug|x86
		{C30ECF47-FA2D-4A12-B324-BF1DF1FB05AD}.Release|x86.ActiveCfg = Release|x86
		{C30ECF47-FA2D-4A12-B324-BF1DF1FB05AD}.Release|x86.Build.0 = Release|x86
		{5B9F11C2-80B2-4349-9E7D-61F161ED60D2}.Debug|x86.ActiveCfg = Debug|x86
		{5B9F11C2-80B2-4349-9E7D-61F161ED60D2}.Release|x86.ActiveCfg = Release|x86
	EndGlobalSection
	GlobalSection(SolutionProperties) = preSolution
		HideSolutionNode = FALSE
	EndGlobalSection
EndGlobal
