
Microsoft Visual Studio Solution File, Format Version 12.00
# Visual Studio 14
VisualStudioVersion = 14.0.25420.1
MinimumVisualStudioVersion = 10.0.40219.1
Project("{FAE04EC0-301F-11D3-BF4B-00C04F79EFBC}") = "HuffAndPuff", "HuffAndPuff\HuffAndPuff\HuffAndPuff.csproj", "{78D91523-2820-497E-A53C-88ECD6BBDEEC}"
EndProject
Project("{96E2B04D-8817-42C6-938A-82C39BA4D311}") = "HuffAndPuffContent", "HuffAndPuff\HuffAndPuffContent\HuffAndPuffContent.contentproj", "{4384A8DF-543A-4E6A-8E9B-7774CD1DEECD}"
EndProject
Global
	GlobalSection(SolutionConfigurationPlatforms) = preSolution
		Debug|x86 = Debug|x86
		Release|x86 = Release|x86
	EndGlobalSection
	GlobalSection(ProjectConfigurationPlatforms) = postSolution
		{78D91523-2820-497E-A53C-88ECD6BBDEEC}.Debug|x86.ActiveCfg = Debug|x86
		{78D91523-2820-497E-A53C-88ECD6BBDEEC}.Debug|x86.Build.0 = Debug|x86
		{78D91523-2820-497E-A53C-88ECD6BBDEEC}.Release|x86.ActiveCfg = Release|x86
		{78D91523-2820-497E-A53C-88ECD6BBDEEC}.Release|x86.Build.0 = Release|x86
		{4384A8DF-543A-4E6A-8E9B-7774CD1DEECD}.Debug|x86.ActiveCfg = Debug|x86
		{4384A8DF-543A-4E6A-8E9B-7774CD1DEECD}.Release|x86.ActiveCfg = Release|x86
	EndGlobalSection
	GlobalSection(SolutionProperties) = preSolution
		HideSolutionNode = FALSE
	EndGlobalSection
EndGlobal
