
Microsoft Visual Studio Solution File, Format Version 12.00
# Visual Studio 14
VisualStudioVersion = 14.0.25420.1
MinimumVisualStudioVersion = 10.0.40219.1
Project("{FAE04EC0-301F-11D3-BF4B-00C04F79EFBC}") = "CheckerBoard", "CheckerBoard\CheckerBoard\CheckerBoard.csproj", "{C582617C-FF1F-45D2-961F-A0C636BCE7A1}"
EndProject
Project("{96E2B04D-8817-42C6-938A-82C39BA4D311}") = "CheckerBoardContent", "CheckerBoard\CheckerBoardContent\CheckerBoardContent.contentproj", "{B5C2C7B4-0215-4958-80A4-9BC51B5F1E62}"
EndProject
Global
	GlobalSection(SolutionConfigurationPlatforms) = preSolution
		Debug|x86 = Debug|x86
		Release|x86 = Release|x86
	EndGlobalSection
	GlobalSection(ProjectConfigurationPlatforms) = postSolution
		{C582617C-FF1F-45D2-961F-A0C636BCE7A1}.Debug|x86.ActiveCfg = Debug|x86
		{C582617C-FF1F-45D2-961F-A0C636BCE7A1}.Debug|x86.Build.0 = Debug|x86
		{C582617C-FF1F-45D2-961F-A0C636BCE7A1}.Release|x86.ActiveCfg = Release|x86
		{C582617C-FF1F-45D2-961F-A0C636BCE7A1}.Release|x86.Build.0 = Release|x86
		{B5C2C7B4-0215-4958-80A4-9BC51B5F1E62}.Debug|x86.ActiveCfg = Debug|x86
		{B5C2C7B4-0215-4958-80A4-9BC51B5F1E62}.Release|x86.ActiveCfg = Release|x86
	EndGlobalSection
	GlobalSection(SolutionProperties) = preSolution
		HideSolutionNode = FALSE
	EndGlobalSection
EndGlobal
