
Microsoft Visual Studio Solution File, Format Version 12.00
# Visual Studio 14
VisualStudioVersion = 14.0.25420.1
MinimumVisualStudioVersion = 10.0.40219.1
Project("{FAE04EC0-301F-11D3-BF4B-00C04F79EFBC}") = "RocketMan", "RocketMan\RocketMan\RocketMan.csproj", "{01C30E5A-4761-4C3F-90A5-2FF5C572204A}"
EndProject
Project("{96E2B04D-8817-42C6-938A-82C39BA4D311}") = "RocketManContent", "RocketMan\RocketManContent\RocketManContent.contentproj", "{D0C6A5C8-FA52-4E68-8C48-1B6B5258ADD4}"
EndProject
Global
	GlobalSection(SolutionConfigurationPlatforms) = preSolution
		Debug|x86 = Debug|x86
		Release|x86 = Release|x86
	EndGlobalSection
	GlobalSection(ProjectConfigurationPlatforms) = postSolution
		{01C30E5A-4761-4C3F-90A5-2FF5C572204A}.Debug|x86.ActiveCfg = Debug|x86
		{01C30E5A-4761-4C3F-90A5-2FF5C572204A}.Debug|x86.Build.0 = Debug|x86
		{01C30E5A-4761-4C3F-90A5-2FF5C572204A}.Release|x86.ActiveCfg = Release|x86
		{01C30E5A-4761-4C3F-90A5-2FF5C572204A}.Release|x86.Build.0 = Release|x86
		{D0C6A5C8-FA52-4E68-8C48-1B6B5258ADD4}.Debug|x86.ActiveCfg = Debug|x86
		{D0C6A5C8-FA52-4E68-8C48-1B6B5258ADD4}.Release|x86.ActiveCfg = Release|x86
	EndGlobalSection
	GlobalSection(SolutionProperties) = preSolution
		HideSolutionNode = FALSE
	EndGlobalSection
EndGlobal
