
Microsoft Visual Studio Solution File, Format Version 12.00
# Visual Studio 14
VisualStudioVersion = 14.0.25420.1
MinimumVisualStudioVersion = 10.0.40219.1
Project("{FAE04EC0-301F-11D3-BF4B-00C04F79EFBC}") = "MoreBorg", "MoreBorg\MoreBorg\MoreBorg.csproj", "{6CA1F3AB-9D73-4B5F-9D88-E5B2BFD49DA9}"
EndProject
Project("{96E2B04D-8817-42C6-938A-82C39BA4D311}") = "MoreBorgContent", "MoreBorg\MoreBorgContent\MoreBorgContent.contentproj", "{65B42E75-1503-4D66-AA9F-877BB3443685}"
EndProject
Global
	GlobalSection(SolutionConfigurationPlatforms) = preSolution
		Debug|x86 = Debug|x86
		Release|x86 = Release|x86
	EndGlobalSection
	GlobalSection(ProjectConfigurationPlatforms) = postSolution
		{6CA1F3AB-9D73-4B5F-9D88-E5B2BFD49DA9}.Debug|x86.ActiveCfg = Debug|x86
		{6CA1F3AB-9D73-4B5F-9D88-E5B2BFD49DA9}.Debug|x86.Build.0 = Debug|x86
		{6CA1F3AB-9D73-4B5F-9D88-E5B2BFD49DA9}.Release|x86.ActiveCfg = Release|x86
		{6CA1F3AB-9D73-4B5F-9D88-E5B2BFD49DA9}.Release|x86.Build.0 = Release|x86
		{65B42E75-1503-4D66-AA9F-877BB3443685}.Debug|x86.ActiveCfg = Debug|x86
		{65B42E75-1503-4D66-AA9F-877BB3443685}.Release|x86.ActiveCfg = Release|x86
	EndGlobalSection
	GlobalSection(SolutionProperties) = preSolution
		HideSolutionNode = FALSE
	EndGlobalSection
EndGlobal
