
Microsoft Visual Studio Solution File, Format Version 12.00
# Visual Studio 14
VisualStudioVersion = 14.0.25420.1
MinimumVisualStudioVersion = 10.0.40219.1
Project("{FAE04EC0-301F-11D3-BF4B-00C04F79EFBC}") = "Stars", "Stars\Stars\Stars.csproj", "{586FBDA5-DB84-4961-9A4F-1159B2C3225F}"
EndProject
Project("{96E2B04D-8817-42C6-938A-82C39BA4D311}") = "StarsContent", "Stars\StarsContent\StarsContent.contentproj", "{A7FB95C7-2AFB-4EE8-855F-C49C38BC15DB}"
EndProject
Global
	GlobalSection(SolutionConfigurationPlatforms) = preSolution
		Debug|x86 = Debug|x86
		Release|x86 = Release|x86
	EndGlobalSection
	GlobalSection(ProjectConfigurationPlatforms) = postSolution
		{586FBDA5-DB84-4961-9A4F-1159B2C3225F}.Debug|x86.ActiveCfg = Debug|x86
		{586FBDA5-DB84-4961-9A4F-1159B2C3225F}.Debug|x86.Build.0 = Debug|x86
		{586FBDA5-DB84-4961-9A4F-1159B2C3225F}.Release|x86.ActiveCfg = Release|x86
		{586FBDA5-DB84-4961-9A4F-1159B2C3225F}.Release|x86.Build.0 = Release|x86
		{A7FB95C7-2AFB-4EE8-855F-C49C38BC15DB}.Debug|x86.ActiveCfg = Debug|x86
		{A7FB95C7-2AFB-4EE8-855F-C49C38BC15DB}.Release|x86.ActiveCfg = Release|x86
	EndGlobalSection
	GlobalSection(SolutionProperties) = preSolution
		HideSolutionNode = FALSE
	EndGlobalSection
EndGlobal
